
Microsoft Visual Studio Solution File, Format Version 12.00
# Visual Studio 2012
Project("{F184B08F-C81C-45F6-A57F-5ABD9991F28F}") = "studentmanagement", "studentmanagement\studentmanagement.vbproj", "{70CB7BC8-24EE-4A97-A5EC-5608F3BA16BD}"
EndProject
Global
	GlobalSection(SolutionConfigurationPlatforms) = preSolution
		Debug|Any CPU = Debug|Any CPU
		Debug|x64 = Debug|x64
		Debug|x86 = Debug|x86
		Release|Any CPU = Release|Any CPU
		Release|x64 = Release|x64
		Release|x86 = Release|x86
	EndGlobalSection
	GlobalSection(ProjectConfigurationPlatforms) = postSolution
		{70CB7BC8-24EE-4A97-A5EC-5608F3BA16BD}.Debug|Any CPU.ActiveCfg = Debug|Any CPU
		{70CB7BC8-24EE-4A97-A5EC-5608F3BA16BD}.Debug|Any CPU.Build.0 = Debug|Any CPU
		{70CB7BC8-24EE-4A97-A5EC-5608F3BA16BD}.Debug|x64.ActiveCfg = Debug|x64
		{70CB7BC8-24EE-4A97-A5EC-5608F3BA16BD}.Debug|x64.Build.0 = Debug|x64
		{70CB7BC8-24EE-4A97-A5EC-5608F3BA16BD}.Debug|x86.ActiveCfg = Debug|x64
		{70CB7BC8-24EE-4A97-A5EC-5608F3BA16BD}.Debug|x86.Build.0 = Debug|x64
		{70CB7BC8-24EE-4A97-A5EC-5608F3BA16BD}.Release|Any CPU.ActiveCfg = Release|Any CPU
		{70CB7BC8-24EE-4A97-A5EC-5608F3BA16BD}.Release|Any CPU.Build.0 = Release|Any CPU
		{70CB7BC8-24EE-4A97-A5EC-5608F3BA16BD}.Release|x64.ActiveCfg = Release|x64
		{70CB7BC8-24EE-4A97-A5EC-5608F3BA16BD}.Release|x64.Build.0 = Release|x64
		{70CB7BC8-24EE-4A97-A5EC-5608F3BA16BD}.Release|x86.ActiveCfg = Release|x86
		{70CB7BC8-24EE-4A97-A5EC-5608F3BA16BD}.Release|x86.Build.0 = Release|x86
	EndGlobalSection
	GlobalSection(SolutionProperties) = preSolution
		HideSolutionNode = FALSE
	EndGlobalSection
EndGlobal
